// !$*UTF8*$!
{
	archiveVersion = 1;
	classes = {
	};
	objectVersion = 55;
	objects = {

/* Begin PBXBuildFile section */
		85002C172741831C007A12BA /* BallModel.swift in Sources */ = {isa = PBXBuildFile; fileRef = 85002C162741831C007A12BA /* BallModel.swift */; };
		851737E1271F0D2200126356 /* SFSymbols.swift in Sources */ = {isa = PBXBuildFile; fileRef = 851737E0271F0D2200126356 /* SFSymbols.swift */; };
		851737E6271F3C1200126356 /* YTTabBarController.swift in Sources */ = {isa = PBXBuildFile; fileRef = 851737E5271F3C1200126356 /* YTTabBarController.swift */; };
		851737EA271F42B900126356 /* UIView+Ext.swift in Sources */ = {isa = PBXBuildFile; fileRef = 851737E9271F42B900126356 /* UIView+Ext.swift */; };
		85219CCA27443DB400633196 /* SettingsViewModel.swift in Sources */ = {isa = PBXBuildFile; fileRef = 85219CC927443DB400633196 /* SettingsViewModel.swift */; };
		85219CCC27443DBD00633196 /* SettingsModel.swift in Sources */ = {isa = PBXBuildFile; fileRef = 85219CCB27443DBD00633196 /* SettingsModel.swift */; };
		85219CCE27443DD300633196 /* SettingsService.swift in Sources */ = {isa = PBXBuildFile; fileRef = 85219CCD27443DD300633196 /* SettingsService.swift */; };
		85354BB5271EFAB6003FCC9A /* Setting.swift in Sources */ = {isa = PBXBuildFile; fileRef = 85354BB4271EFAB6003FCC9A /* Setting.swift */; };
		8542B11727406526004CB3C1 /* BallViewModel.swift in Sources */ = {isa = PBXBuildFile; fileRef = 8542B11627406526004CB3C1 /* BallViewModel.swift */; };
		85474949271DA1FF003F170F /* AppDelegate.swift in Sources */ = {isa = PBXBuildFile; fileRef = 85474948271DA1FF003F170F /* AppDelegate.swift */; };
		8547494B271DA1FF003F170F /* SceneDelegate.swift in Sources */ = {isa = PBXBuildFile; fileRef = 8547494A271DA1FF003F170F /* SceneDelegate.swift */; };
		8547494D271DA1FF003F170F /* MagicBallVC.swift in Sources */ = {isa = PBXBuildFile; fileRef = 8547494C271DA1FF003F170F /* MagicBallVC.swift */; };
		85474952271DA200003F170F /* Assets.xcassets in Resources */ = {isa = PBXBuildFile; fileRef = 85474951271DA200003F170F /* Assets.xcassets */; };
		85474955271DA200003F170F /* LaunchScreen.storyboard in Resources */ = {isa = PBXBuildFile; fileRef = 85474953271DA200003F170F /* LaunchScreen.storyboard */; };
		8547495D271DB16E003F170F /* SettingsVC.swift in Sources */ = {isa = PBXBuildFile; fileRef = 8547495C271DB16E003F170F /* SettingsVC.swift */; };
		85474963271DC45C003F170F /* AnswerVC.swift in Sources */ = {isa = PBXBuildFile; fileRef = 85474962271DC45C003F170F /* AnswerVC.swift */; };
		85474965271DD9A1003F170F /* NetworkStorageService.swift in Sources */ = {isa = PBXBuildFile; fileRef = 85474964271DD9A1003F170F /* NetworkStorageService.swift */; };
		85474967271DDAA8003F170F /* Answer.swift in Sources */ = {isa = PBXBuildFile; fileRef = 85474966271DDAA8003F170F /* Answer.swift */; };
		85474969271DDB80003F170F /* YTError.swift in Sources */ = {isa = PBXBuildFile; fileRef = 85474968271DDB80003F170F /* YTError.swift */; };
		854AD27E274B0977006870F7 /* KeychainValue.swift in Sources */ = {isa = PBXBuildFile; fileRef = 854AD27D274B0976006870F7 /* KeychainValue.swift */; };
		855803A0274AB36E00E520B6 /* SecureStorage.swift in Sources */ = {isa = PBXBuildFile; fileRef = 8558039F274AB36E00E520B6 /* SecureStorage.swift */; };
		85767EE6273840AE007435A6 /* AnswerDependencyManager.swift in Sources */ = {isa = PBXBuildFile; fileRef = 85767EE5273840AE007435A6 /* AnswerDependencyManager.swift */; };
		85785C6F274E578100654CEE /* KeysStorage.swift in Sources */ = {isa = PBXBuildFile; fileRef = 85785C6E274E578100654CEE /* KeysStorage.swift */; };
		85785C72274E626B00654CEE /* HistoryVC.swift in Sources */ = {isa = PBXBuildFile; fileRef = 85785C71274E626B00654CEE /* HistoryVC.swift */; };
		85785C74274E627C00654CEE /* HistoryViewModel.swift in Sources */ = {isa = PBXBuildFile; fileRef = 85785C73274E627C00654CEE /* HistoryViewModel.swift */; };
		85785C76274E628B00654CEE /* HistoryModel.swift in Sources */ = {isa = PBXBuildFile; fileRef = 85785C75274E628B00654CEE /* HistoryModel.swift */; };
		85785C78274E62B000654CEE /* CoreDataService.swift in Sources */ = {isa = PBXBuildFile; fileRef = 85785C77274E62B000654CEE /* CoreDataService.swift */; };
		85785C9D274E669B00654CEE /* UIHelper.swift in Sources */ = {isa = PBXBuildFile; fileRef = 85785C9C274E669B00654CEE /* UIHelper.swift */; };
		85785C9F274E695D00654CEE /* HistoryItemCell.swift in Sources */ = {isa = PBXBuildFile; fileRef = 85785C9E274E695D00654CEE /* HistoryItemCell.swift */; };
		85785CA2274E8EEB00654CEE /* DBService.xcdatamodeld in Sources */ = {isa = PBXBuildFile; fileRef = 85785CA0274E8EEB00654CEE /* DBService.xcdatamodeld */; };
		858B5124275264110013CBC8 /* Date+Ext.swift in Sources */ = {isa = PBXBuildFile; fileRef = 858B5123275264110013CBC8 /* Date+Ext.swift */; };
		85ADBA782751232C00383F6B /* Formatter.swift in Sources */ = {isa = PBXBuildFile; fileRef = 85ADBA772751232C00383F6B /* Formatter.swift */; };
		85ADBA7A27513D7E00383F6B /* YTTabBarControllerModel.swift in Sources */ = {isa = PBXBuildFile; fileRef = 85ADBA7927513D7E00383F6B /* YTTabBarControllerModel.swift */; };
		85B859DA273580F9006EA996 /* StorageService.swift in Sources */ = {isa = PBXBuildFile; fileRef = 85B859D9273580F9006EA996 /* StorageService.swift */; };
		85CE0429273AA74800354E1B /* strings.swift in Sources */ = {isa = PBXBuildFile; fileRef = 85CE0427273AA74800354E1B /* strings.swift */; };
		85CE042A273AA74800354E1B /* assets.swift in Sources */ = {isa = PBXBuildFile; fileRef = 85CE0428273AA74800354E1B /* assets.swift */; };
		85CE0431273AACF700354E1B /* Localizable.strings in Resources */ = {isa = PBXBuildFile; fileRef = 85CE042F273AACF700354E1B /* Localizable.strings */; };
		BC13921A1C510EDF2A979CBD /* Pods_YalantisTest.framework in Frameworks */ = {isa = PBXBuildFile; fileRef = 972693FF801A04A7AA10FD8B /* Pods_YalantisTest.framework */; };
/* End PBXBuildFile section */

/* Begin PBXFileReference section */
		2D107C6CAE40037AB394EB00 /* Pods-YalantisTest.debug.xcconfig */ = {isa = PBXFileReference; includeInIndex = 1; lastKnownFileType = text.xcconfig; name = "Pods-YalantisTest.debug.xcconfig"; path = "Target Support Files/Pods-YalantisTest/Pods-YalantisTest.debug.xcconfig"; sourceTree = "<group>"; };
		63F6BA16EA48BEE8F9EC97B5 /* Pods-YalantisTest.release.xcconfig */ = {isa = PBXFileReference; includeInIndex = 1; lastKnownFileType = text.xcconfig; name = "Pods-YalantisTest.release.xcconfig"; path = "Target Support Files/Pods-YalantisTest/Pods-YalantisTest.release.xcconfig"; sourceTree = "<group>"; };
		85002C162741831C007A12BA /* BallModel.swift */ = {isa = PBXFileReference; lastKnownFileType = sourcecode.swift; path = BallModel.swift; sourceTree = "<group>"; };
		851737E0271F0D2200126356 /* SFSymbols.swift */ = {isa = PBXFileReference; lastKnownFileType = sourcecode.swift; path = SFSymbols.swift; sourceTree = "<group>"; };
		851737E5271F3C1200126356 /* YTTabBarController.swift */ = {isa = PBXFileReference; lastKnownFileType = sourcecode.swift; path = YTTabBarController.swift; sourceTree = "<group>"; };
		851737E9271F42B900126356 /* UIView+Ext.swift */ = {isa = PBXFileReference; lastKnownFileType = sourcecode.swift; path = "UIView+Ext.swift"; sourceTree = "<group>"; };
		85219CC927443DB400633196 /* SettingsViewModel.swift */ = {isa = PBXFileReference; lastKnownFileType = sourcecode.swift; path = SettingsViewModel.swift; sourceTree = "<group>"; };
		85219CCB27443DBD00633196 /* SettingsModel.swift */ = {isa = PBXFileReference; lastKnownFileType = sourcecode.swift; path = SettingsModel.swift; sourceTree = "<group>"; };
		85219CCD27443DD300633196 /* SettingsService.swift */ = {isa = PBXFileReference; lastKnownFileType = sourcecode.swift; path = SettingsService.swift; sourceTree = "<group>"; };
		85354BB4271EFAB6003FCC9A /* Setting.swift */ = {isa = PBXFileReference; lastKnownFileType = sourcecode.swift; path = Setting.swift; sourceTree = "<group>"; };
		8542B11627406526004CB3C1 /* BallViewModel.swift */ = {isa = PBXFileReference; lastKnownFileType = sourcecode.swift; path = BallViewModel.swift; sourceTree = "<group>"; };
		85474945271DA1FF003F170F /* YalantisTest.app */ = {isa = PBXFileReference; explicitFileType = wrapper.application; includeInIndex = 0; path = YalantisTest.app; sourceTree = BUILT_PRODUCTS_DIR; };
		85474948271DA1FF003F170F /* AppDelegate.swift */ = {isa = PBXFileReference; lastKnownFileType = sourcecode.swift; path = AppDelegate.swift; sourceTree = "<group>"; };
		8547494A271DA1FF003F170F /* SceneDelegate.swift */ = {isa = PBXFileReference; lastKnownFileType = sourcecode.swift; path = SceneDelegate.swift; sourceTree = "<group>"; };
		8547494C271DA1FF003F170F /* MagicBallVC.swift */ = {isa = PBXFileReference; lastKnownFileType = sourcecode.swift; path = MagicBallVC.swift; sourceTree = "<group>"; };
		85474951271DA200003F170F /* Assets.xcassets */ = {isa = PBXFileReference; lastKnownFileType = folder.assetcatalog; path = Assets.xcassets; sourceTree = "<group>"; };
		85474954271DA200003F170F /* Base */ = {isa = PBXFileReference; lastKnownFileType = file.storyboard; name = Base; path = Base.lproj/LaunchScreen.storyboard; sourceTree = "<group>"; };
		85474956271DA200003F170F /* Info.plist */ = {isa = PBXFileReference; lastKnownFileType = text.plist.xml; path = Info.plist; sourceTree = "<group>"; };
		8547495C271DB16E003F170F /* SettingsVC.swift */ = {isa = PBXFileReference; lastKnownFileType = sourcecode.swift; path = SettingsVC.swift; sourceTree = "<group>"; };
		85474962271DC45C003F170F /* AnswerVC.swift */ = {isa = PBXFileReference; lastKnownFileType = sourcecode.swift; path = AnswerVC.swift; sourceTree = "<group>"; };
		85474964271DD9A1003F170F /* NetworkStorageService.swift */ = {isa = PBXFileReference; lastKnownFileType = sourcecode.swift; path = NetworkStorageService.swift; sourceTree = "<group>"; };
		85474966271DDAA8003F170F /* Answer.swift */ = {isa = PBXFileReference; lastKnownFileType = sourcecode.swift; path = Answer.swift; sourceTree = "<group>"; };
		85474968271DDB80003F170F /* YTError.swift */ = {isa = PBXFileReference; lastKnownFileType = sourcecode.swift; path = YTError.swift; sourceTree = "<group>"; };
		854AD27D274B0976006870F7 /* KeychainValue.swift */ = {isa = PBXFileReference; lastKnownFileType = sourcecode.swift; path = KeychainValue.swift; sourceTree = "<group>"; };
		8558039F274AB36E00E520B6 /* SecureStorage.swift */ = {isa = PBXFileReference; lastKnownFileType = sourcecode.swift; path = SecureStorage.swift; sourceTree = "<group>"; };
		85767EE5273840AE007435A6 /* AnswerDependencyManager.swift */ = {isa = PBXFileReference; lastKnownFileType = sourcecode.swift; path = AnswerDependencyManager.swift; sourceTree = "<group>"; };
		85785C6E274E578100654CEE /* KeysStorage.swift */ = {isa = PBXFileReference; lastKnownFileType = sourcecode.swift; path = KeysStorage.swift; sourceTree = "<group>"; };
		85785C71274E626B00654CEE /* HistoryVC.swift */ = {isa = PBXFileReference; lastKnownFileType = sourcecode.swift; path = HistoryVC.swift; sourceTree = "<group>"; };
		85785C73274E627C00654CEE /* HistoryViewModel.swift */ = {isa = PBXFileReference; lastKnownFileType = sourcecode.swift; path = HistoryViewModel.swift; sourceTree = "<group>"; };
		85785C75274E628B00654CEE /* HistoryModel.swift */ = {isa = PBXFileReference; lastKnownFileType = sourcecode.swift; path = HistoryModel.swift; sourceTree = "<group>"; };
		85785C77274E62B000654CEE /* CoreDataService.swift */ = {isa = PBXFileReference; lastKnownFileType = sourcecode.swift; path = CoreDataService.swift; sourceTree = "<group>"; };
		85785C9C274E669B00654CEE /* UIHelper.swift */ = {isa = PBXFileReference; lastKnownFileType = sourcecode.swift; path = UIHelper.swift; sourceTree = "<group>"; };
		85785C9E274E695D00654CEE /* HistoryItemCell.swift */ = {isa = PBXFileReference; lastKnownFileType = sourcecode.swift; path = HistoryItemCell.swift; sourceTree = "<group>"; };
		85785CA1274E8EEB00654CEE /* DBService.xcdatamodel */ = {isa = PBXFileReference; lastKnownFileType = wrapper.xcdatamodel; path = DBService.xcdatamodel; sourceTree = "<group>"; };
		858B5123275264110013CBC8 /* Date+Ext.swift */ = {isa = PBXFileReference; lastKnownFileType = sourcecode.swift; path = "Date+Ext.swift"; sourceTree = "<group>"; };
		85ADBA772751232C00383F6B /* Formatter.swift */ = {isa = PBXFileReference; lastKnownFileType = sourcecode.swift; path = Formatter.swift; sourceTree = "<group>"; };
		85ADBA7927513D7E00383F6B /* YTTabBarControllerModel.swift */ = {isa = PBXFileReference; lastKnownFileType = sourcecode.swift; path = YTTabBarControllerModel.swift; sourceTree = "<group>"; };
		85B859D9273580F9006EA996 /* StorageService.swift */ = {isa = PBXFileReference; lastKnownFileType = sourcecode.swift; path = StorageService.swift; sourceTree = "<group>"; };
		85CE0427273AA74800354E1B /* strings.swift */ = {isa = PBXFileReference; fileEncoding = 4; lastKnownFileType = sourcecode.swift; path = strings.swift; sourceTree = "<group>"; };
		85CE0428273AA74800354E1B /* assets.swift */ = {isa = PBXFileReference; fileEncoding = 4; lastKnownFileType = sourcecode.swift; path = assets.swift; sourceTree = "<group>"; };
		85CE0430273AACF700354E1B /* Base */ = {isa = PBXFileReference; lastKnownFileType = text.plist.strings; name = Base; path = Base.lproj/Localizable.strings; sourceTree = "<group>"; };
		972693FF801A04A7AA10FD8B /* Pods_YalantisTest.framework */ = {isa = PBXFileReference; explicitFileType = wrapper.framework; includeInIndex = 0; path = Pods_YalantisTest.framework; sourceTree = BUILT_PRODUCTS_DIR; };
/* End PBXFileReference section */

/* Begin PBXFrameworksBuildPhase section */
		85474942271DA1FF003F170F /* Frameworks */ = {
			isa = PBXFrameworksBuildPhase;
			buildActionMask = 2147483647;
			files = (
				BC13921A1C510EDF2A979CBD /* Pods_YalantisTest.framework in Frameworks */,
			);
			runOnlyForDeploymentPostprocessing = 0;
		};
/* End PBXFrameworksBuildPhase section */

/* Begin PBXGroup section */
		64E6139395B3DDC0F841832D /* Frameworks */ = {
			isa = PBXGroup;
			children = (
				972693FF801A04A7AA10FD8B /* Pods_YalantisTest.framework */,
			);
			name = Frameworks;
			sourceTree = "<group>";
		};
		85002C14274182CD007A12BA /* MagicBall */ = {
			isa = PBXGroup;
			children = (
				8547494C271DA1FF003F170F /* MagicBallVC.swift */,
				8542B11627406526004CB3C1 /* BallViewModel.swift */,
				85002C162741831C007A12BA /* BallModel.swift */,
			);
			path = MagicBall;
			sourceTree = "<group>";
		};
		85002C15274182FB007A12BA /* Settings */ = {
			isa = PBXGroup;
			children = (
				8547495C271DB16E003F170F /* SettingsVC.swift */,
				85219CC927443DB400633196 /* SettingsViewModel.swift */,
				85219CCB27443DBD00633196 /* SettingsModel.swift */,
			);
			path = Settings;
			sourceTree = "<group>";
		};
		851659B62745326400EE61B9 /* Managers */ = {
			isa = PBXGroup;
			children = (
				85767EE5273840AE007435A6 /* AnswerDependencyManager.swift */,
			);
			path = Managers;
			sourceTree = "<group>";
		};
		851737DB271F0C2A00126356 /* Model */ = {
			isa = PBXGroup;
			children = (
				85354BB4271EFAB6003FCC9A /* Setting.swift */,
				85474966271DDAA8003F170F /* Answer.swift */,
				854AD27D274B0976006870F7 /* KeychainValue.swift */,
			);
			path = Model;
			sourceTree = "<group>";
		};
		851737DC271F0C3700126356 /* Flows */ = {
			isa = PBXGroup;
			children = (
				851737DE271F0C7400126356 /* TabBar */,
				85785C70274E620900654CEE /* History */,
				85002C15274182FB007A12BA /* Settings */,
				85002C14274182CD007A12BA /* MagicBall */,
			);
			path = Flows;
			sourceTree = "<group>";
		};
		851737DD271F0C5500126356 /* Services */ = {
			isa = PBXGroup;
			children = (
				85474964271DD9A1003F170F /* NetworkStorageService.swift */,
				85B859D9273580F9006EA996 /* StorageService.swift */,
				85219CCD27443DD300633196 /* SettingsService.swift */,
				8558039F274AB36E00E520B6 /* SecureStorage.swift */,
				85785C77274E62B000654CEE /* CoreDataService.swift */,
				85785CA0274E8EEB00654CEE /* DBService.xcdatamodeld */,
			);
			path = Services;
			sourceTree = "<group>";
		};
		851737DE271F0C7400126356 /* TabBar */ = {
			isa = PBXGroup;
			children = (
				851737E5271F3C1200126356 /* YTTabBarController.swift */,
				85ADBA7927513D7E00383F6B /* YTTabBarControllerModel.swift */,
			);
			path = TabBar;
			sourceTree = "<group>";
		};
		851737DF271F0C8A00126356 /* Utilities */ = {
			isa = PBXGroup;
			children = (
				85474948271DA1FF003F170F /* AppDelegate.swift */,
				858B51252752655B0013CBC8 /* Enums */,
				8547494A271DA1FF003F170F /* SceneDelegate.swift */,
				85785C9C274E669B00654CEE /* UIHelper.swift */,
			);
			path = Utilities;
			sourceTree = "<group>";
		};
		851737E7271F423300126356 /* Custom Views */ = {
			isa = PBXGroup;
			children = (
				85474962271DC45C003F170F /* AnswerVC.swift */,
				85785C9E274E695D00654CEE /* HistoryItemCell.swift */,
			);
			path = "Custom Views";
			sourceTree = "<group>";
		};
		851737E8271F42A100126356 /* Extensions */ = {
			isa = PBXGroup;
			children = (
				851737E9271F42B900126356 /* UIView+Ext.swift */,
				858B5123275264110013CBC8 /* Date+Ext.swift */,
			);
			path = Extensions;
			sourceTree = "<group>";
		};
		85354BB8271F0815003FCC9A /* Sources */ = {
			isa = PBXGroup;
			children = (
				851659B62745326400EE61B9 /* Managers */,
				851737E8271F42A100126356 /* Extensions */,
				851737E7271F423300126356 /* Custom Views */,
				851737DD271F0C5500126356 /* Services */,
				851737DC271F0C3700126356 /* Flows */,
				851737DB271F0C2A00126356 /* Model */,
				851737DF271F0C8A00126356 /* Utilities */,
			);
			path = Sources;
			sourceTree = "<group>";
		};
		85354BB9271F0821003FCC9A /* Resources */ = {
			isa = PBXGroup;
			children = (
				85CE0426273AA61000354E1B /* SwiftGen */,
				85474951271DA200003F170F /* Assets.xcassets */,
				85474953271DA200003F170F /* LaunchScreen.storyboard */,
				85CE042F273AACF700354E1B /* Localizable.strings */,
			);
			path = Resources;
			sourceTree = "<group>";
		};
		8547493C271DA1FF003F170F = {
			isa = PBXGroup;
			children = (
				85474947271DA1FF003F170F /* YalantisTest */,
				85474946271DA1FF003F170F /* Products */,
				AB8DAB5FADA52487CF2B46D3 /* Pods */,
				64E6139395B3DDC0F841832D /* Frameworks */,
			);
			sourceTree = "<group>";
		};
		85474946271DA1FF003F170F /* Products */ = {
			isa = PBXGroup;
			children = (
				85474945271DA1FF003F170F /* YalantisTest.app */,
			);
			name = Products;
			sourceTree = "<group>";
		};
		85474947271DA1FF003F170F /* YalantisTest */ = {
			isa = PBXGroup;
			children = (
				85354BB8271F0815003FCC9A /* Sources */,
				85354BB9271F0821003FCC9A /* Resources */,
				85474956271DA200003F170F /* Info.plist */,
			);
			path = YalantisTest;
			sourceTree = "<group>";
		};
		85785C70274E620900654CEE /* History */ = {
			isa = PBXGroup;
			children = (
				85785C71274E626B00654CEE /* HistoryVC.swift */,
				85785C73274E627C00654CEE /* HistoryViewModel.swift */,
				85785C75274E628B00654CEE /* HistoryModel.swift */,
			);
			path = History;
			sourceTree = "<group>";
		};
		858B51252752655B0013CBC8 /* Enums */ = {
			isa = PBXGroup;
			children = (
				85ADBA772751232C00383F6B /* Formatter.swift */,
				85785C6E274E578100654CEE /* KeysStorage.swift */,
				851737E0271F0D2200126356 /* SFSymbols.swift */,
				85474968271DDB80003F170F /* YTError.swift */,
			);
			path = Enums;
			sourceTree = "<group>";
		};
		85CE0426273AA61000354E1B /* SwiftGen */ = {
			isa = PBXGroup;
			children = (
				85CE0428273AA74800354E1B /* assets.swift */,
				85CE0427273AA74800354E1B /* strings.swift */,
			);
			path = SwiftGen;
			sourceTree = "<group>";
		};
		AB8DAB5FADA52487CF2B46D3 /* Pods */ = {
			isa = PBXGroup;
			children = (
				2D107C6CAE40037AB394EB00 /* Pods-YalantisTest.debug.xcconfig */,
				63F6BA16EA48BEE8F9EC97B5 /* Pods-YalantisTest.release.xcconfig */,
			);
			path = Pods;
			sourceTree = "<group>";
		};
/* End PBXGroup section */

/* Begin PBXNativeTarget section */
		85474944271DA1FF003F170F /* YalantisTest */ = {
			isa = PBXNativeTarget;
			buildConfigurationList = 85474959271DA200003F170F /* Build configuration list for PBXNativeTarget "YalantisTest" */;
			buildPhases = (
				0C2C304D39411C3394940D27 /* [CP] Check Pods Manifest.lock */,
				85CE0424273A975F00354E1B /* SwiftLint */,
				85474941271DA1FF003F170F /* Sources */,
				85474942271DA1FF003F170F /* Frameworks */,
				85474943271DA1FF003F170F /* Resources */,
				85CE0425273AA33300354E1B /* SwiftGen */,
				2C0DD47164E8CF74DADC56E5 /* [CP] Embed Pods Frameworks */,
			);
			buildRules = (
			);
			dependencies = (
			);
			name = YalantisTest;
			productName = YalantisTest;
			productReference = 85474945271DA1FF003F170F /* YalantisTest.app */;
			productType = "com.apple.product-type.application";
		};
/* End PBXNativeTarget section */

/* Begin PBXProject section */
		8547493D271DA1FF003F170F /* Project object */ = {
			isa = PBXProject;
			attributes = {
				BuildIndependentTargetsInParallel = 1;
				LastSwiftUpdateCheck = 1300;
				LastUpgradeCheck = 1300;
				TargetAttributes = {
					85474944271DA1FF003F170F = {
						CreatedOnToolsVersion = 13.0;
					};
				};
			};
			buildConfigurationList = 85474940271DA1FF003F170F /* Build configuration list for PBXProject "YalantisTest" */;
			compatibilityVersion = "Xcode 13.0";
			developmentRegion = en;
			hasScannedForEncodings = 0;
			knownRegions = (
				en,
				Base,
			);
			mainGroup = 8547493C271DA1FF003F170F;
			productRefGroup = 85474946271DA1FF003F170F /* Products */;
			projectDirPath = "";
			projectRoot = "";
			targets = (
				85474944271DA1FF003F170F /* YalantisTest */,
			);
		};
/* End PBXProject section */

/* Begin PBXResourcesBuildPhase section */
		85474943271DA1FF003F170F /* Resources */ = {
			isa = PBXResourcesBuildPhase;
			buildActionMask = 2147483647;
			files = (
				85474955271DA200003F170F /* LaunchScreen.storyboard in Resources */,
				85CE0431273AACF700354E1B /* Localizable.strings in Resources */,
				85474952271DA200003F170F /* Assets.xcassets in Resources */,
			);
			runOnlyForDeploymentPostprocessing = 0;
		};
/* End PBXResourcesBuildPhase section */

/* Begin PBXShellScriptBuildPhase section */
		0C2C304D39411C3394940D27 /* [CP] Check Pods Manifest.lock */ = {
			isa = PBXShellScriptBuildPhase;
			buildActionMask = 2147483647;
			files = (
			);
			inputFileListPaths = (
			);
			inputPaths = (
				"${PODS_PODFILE_DIR_PATH}/Podfile.lock",
				"${PODS_ROOT}/Manifest.lock",
			);
			name = "[CP] Check Pods Manifest.lock";
			outputFileListPaths = (
			);
			outputPaths = (
				"$(DERIVED_FILE_DIR)/Pods-YalantisTest-checkManifestLockResult.txt",
			);
			runOnlyForDeploymentPostprocessing = 0;
			shellPath = /bin/sh;
			shellScript = "diff \"${PODS_PODFILE_DIR_PATH}/Podfile.lock\" \"${PODS_ROOT}/Manifest.lock\" > /dev/null\nif [ $? != 0 ] ; then\n    # print error to STDERR\n    echo \"error: The sandbox is not in sync with the Podfile.lock. Run 'pod install' or update your CocoaPods installation.\" >&2\n    exit 1\nfi\n# This output is used by Xcode 'outputs' to avoid re-running this script phase.\necho \"SUCCESS\" > \"${SCRIPT_OUTPUT_FILE_0}\"\n";
			showEnvVarsInLog = 0;
		};
		2C0DD47164E8CF74DADC56E5 /* [CP] Embed Pods Frameworks */ = {
			isa = PBXShellScriptBuildPhase;
			buildActionMask = 2147483647;
			files = (
			);
			inputFileListPaths = (
				"${PODS_ROOT}/Target Support Files/Pods-YalantisTest/Pods-YalantisTest-frameworks-${CONFIGURATION}-input-files.xcfilelist",
			);
			name = "[CP] Embed Pods Frameworks";
			outputFileListPaths = (
				"${PODS_ROOT}/Target Support Files/Pods-YalantisTest/Pods-YalantisTest-frameworks-${CONFIGURATION}-output-files.xcfilelist",
			);
			runOnlyForDeploymentPostprocessing = 0;
			shellPath = /bin/sh;
			shellScript = "\"${PODS_ROOT}/Target Support Files/Pods-YalantisTest/Pods-YalantisTest-frameworks.sh\"\n";
			showEnvVarsInLog = 0;
		};
		85CE0424273A975F00354E1B /* SwiftLint */ = {
			isa = PBXShellScriptBuildPhase;
			buildActionMask = 2147483647;
			files = (
			);
			inputFileListPaths = (
			);
			inputPaths = (
			);
			name = SwiftLint;
			outputFileListPaths = (
			);
			outputPaths = (
			);
			runOnlyForDeploymentPostprocessing = 0;
			shellPath = /bin/sh;
			shellScript = "\"${PODS_ROOT}/SwiftLint/swiftlint\"\n";
		};
		85CE0425273AA33300354E1B /* SwiftGen */ = {
			isa = PBXShellScriptBuildPhase;
			buildActionMask = 2147483647;
			files = (
			);
			inputFileListPaths = (
			);
			inputPaths = (
			);
			name = SwiftGen;
			outputFileListPaths = (
			);
			outputPaths = (
			);
			runOnlyForDeploymentPostprocessing = 0;
			shellPath = /bin/sh;
			shellScript = "\"${PODS_ROOT}/SwiftGen/bin/swiftgen\"\n";
		};
/* End PBXShellScriptBuildPhase section */

/* Begin PBXSourcesBuildPhase section */
		85474941271DA1FF003F170F /* Sources */ = {
			isa = PBXSourcesBuildPhase;
			buildActionMask = 2147483647;
			files = (
				85ADBA782751232C00383F6B /* Formatter.swift in Sources */,
				85785C78274E62B000654CEE /* CoreDataService.swift in Sources */,
				8547494D271DA1FF003F170F /* MagicBallVC.swift in Sources */,
				85474967271DDAA8003F170F /* Answer.swift in Sources */,
				851737E6271F3C1200126356 /* YTTabBarController.swift in Sources */,
				85474963271DC45C003F170F /* AnswerVC.swift in Sources */,
				8547495D271DB16E003F170F /* SettingsVC.swift in Sources */,
				85219CCA27443DB400633196 /* SettingsViewModel.swift in Sources */,
				85474949271DA1FF003F170F /* AppDelegate.swift in Sources */,
				854AD27E274B0977006870F7 /* KeychainValue.swift in Sources */,
				855803A0274AB36E00E520B6 /* SecureStorage.swift in Sources */,
				85785C9D274E669B00654CEE /* UIHelper.swift in Sources */,
				85767EE6273840AE007435A6 /* AnswerDependencyManager.swift in Sources */,
				85CE0429273AA74800354E1B /* strings.swift in Sources */,
				85785C74274E627C00654CEE /* HistoryViewModel.swift in Sources */,
				851737E1271F0D2200126356 /* SFSymbols.swift in Sources */,
				85ADBA7A27513D7E00383F6B /* YTTabBarControllerModel.swift in Sources */,
				85B859DA273580F9006EA996 /* StorageService.swift in Sources */,
				85CE042A273AA74800354E1B /* assets.swift in Sources */,
				858B5124275264110013CBC8 /* Date+Ext.swift in Sources */,
				85219CCE27443DD300633196 /* SettingsService.swift in Sources */,
				85474965271DD9A1003F170F /* NetworkStorageService.swift in Sources */,
				85002C172741831C007A12BA /* BallModel.swift in Sources */,
				851737EA271F42B900126356 /* UIView+Ext.swift in Sources */,
				8542B11727406526004CB3C1 /* BallViewModel.swift in Sources */,
				85785C76274E628B00654CEE /* HistoryModel.swift in Sources */,
				85785CA2274E8EEB00654CEE /* DBService.xcdatamodeld in Sources */,
				85219CCC27443DBD00633196 /* SettingsModel.swift in Sources */,
				8547494B271DA1FF003F170F /* SceneDelegate.swift in Sources */,
				85785C72274E626B00654CEE /* HistoryVC.swift in Sources */,
				85785C6F274E578100654CEE /* KeysStorage.swift in Sources */,
				85785C9F274E695D00654CEE /* HistoryItemCell.swift in Sources */,
				85474969271DDB80003F170F /* YTError.swift in Sources */,
				85354BB5271EFAB6003FCC9A /* Setting.swift in Sources */,
			);
			runOnlyForDeploymentPostprocessing = 0;
		};
/* End PBXSourcesBuildPhase section */

/* Begin PBXVariantGroup section */
		85474953271DA200003F170F /* LaunchScreen.storyboard */ = {
			isa = PBXVariantGroup;
			children = (
				85474954271DA200003F170F /* Base */,
			);
			name = LaunchScreen.storyboard;
			sourceTree = "<group>";
		};
		85CE042F273AACF700354E1B /* Localizable.strings */ = {
			isa = PBXVariantGroup;
			children = (
				85CE0430273AACF700354E1B /* Base */,
			);
			name = Localizable.strings;
			sourceTree = "<group>";
		};
/* End PBXVariantGroup section */

/* Begin XCBuildConfiguration section */
		85474957271DA200003F170F /* Debug */ = {
			isa = XCBuildConfiguration;
			buildSettings = {
				ALWAYS_SEARCH_USER_PATHS = NO;
				CLANG_ANALYZER_NONNULL = YES;
				CLANG_ANALYZER_NUMBER_OBJECT_CONVERSION = YES_AGGRESSIVE;
				CLANG_CXX_LANGUAGE_STANDARD = "gnu++17";
				CLANG_CXX_LIBRARY = "libc++";
				CLANG_ENABLE_MODULES = YES;
				CLANG_ENABLE_OBJC_ARC = YES;
				CLANG_ENABLE_OBJC_WEAK = YES;
				CLANG_WARN_BLOCK_CAPTURE_AUTORELEASING = YES;
				CLANG_WARN_BOOL_CONVERSION = YES;
				CLANG_WARN_COMMA = YES;
				CLANG_WARN_CONSTANT_CONVERSION = YES;
				CLANG_WARN_DEPRECATED_OBJC_IMPLEMENTATIONS = YES;
				CLANG_WARN_DIRECT_OBJC_ISA_USAGE = YES_ERROR;
				CLANG_WARN_DOCUMENTATION_COMMENTS = YES;
				CLANG_WARN_EMPTY_BODY = YES;
				CLANG_WARN_ENUM_CONVERSION = YES;
				CLANG_WARN_INFINITE_RECURSION = YES;
				CLANG_WARN_INT_CONVERSION = YES;
				CLANG_WARN_NON_LITERAL_NULL_CONVERSION = YES;
				CLANG_WARN_OBJC_IMPLICIT_RETAIN_SELF = YES;
				CLANG_WARN_OBJC_LITERAL_CONVERSION = YES;
				CLANG_WARN_OBJC_ROOT_CLASS = YES_ERROR;
				CLANG_WARN_QUOTED_INCLUDE_IN_FRAMEWORK_HEADER = YES;
				CLANG_WARN_RANGE_LOOP_ANALYSIS = YES;
				CLANG_WARN_STRICT_PROTOTYPES = YES;
				CLANG_WARN_SUSPICIOUS_MOVE = YES;
				CLANG_WARN_UNGUARDED_AVAILABILITY = YES_AGGRESSIVE;
				CLANG_WARN_UNREACHABLE_CODE = YES;
				CLANG_WARN__DUPLICATE_METHOD_MATCH = YES;
				COPY_PHASE_STRIP = NO;
				DEBUG_INFORMATION_FORMAT = dwarf;
				ENABLE_STRICT_OBJC_MSGSEND = YES;
				ENABLE_TESTABILITY = YES;
				GCC_C_LANGUAGE_STANDARD = gnu11;
				GCC_DYNAMIC_NO_PIC = NO;
				GCC_NO_COMMON_BLOCKS = YES;
				GCC_OPTIMIZATION_LEVEL = 0;
				GCC_PREPROCESSOR_DEFINITIONS = (
					"DEBUG=1",
					"$(inherited)",
				);
				GCC_WARN_64_TO_32_BIT_CONVERSION = YES;
				GCC_WARN_ABOUT_RETURN_TYPE = YES_ERROR;
				GCC_WARN_UNDECLARED_SELECTOR = YES;
				GCC_WARN_UNINITIALIZED_AUTOS = YES_AGGRESSIVE;
				GCC_WARN_UNUSED_FUNCTION = YES;
				GCC_WARN_UNUSED_VARIABLE = YES;
				IPHONEOS_DEPLOYMENT_TARGET = 15.0;
				MTL_ENABLE_DEBUG_INFO = INCLUDE_SOURCE;
				MTL_FAST_MATH = YES;
				ONLY_ACTIVE_ARCH = YES;
				SDKROOT = iphoneos;
				SWIFT_ACTIVE_COMPILATION_CONDITIONS = DEBUG;
				SWIFT_OPTIMIZATION_LEVEL = "-Onone";
			};
			name = Debug;
		};
		85474958271DA200003F170F /* Release */ = {
			isa = XCBuildConfiguration;
			buildSettings = {
				ALWAYS_SEARCH_USER_PATHS = NO;
				CLANG_ANALYZER_NONNULL = YES;
				CLANG_ANALYZER_NUMBER_OBJECT_CONVERSION = YES_AGGRESSIVE;
				CLANG_CXX_LANGUAGE_STANDARD = "gnu++17";
				CLANG_CXX_LIBRARY = "libc++";
				CLANG_ENABLE_MODULES = YES;
				CLANG_ENABLE_OBJC_ARC = YES;
				CLANG_ENABLE_OBJC_WEAK = YES;
				CLANG_WARN_BLOCK_CAPTURE_AUTORELEASING = YES;
				CLANG_WARN_BOOL_CONVERSION = YES;
				CLANG_WARN_COMMA = YES;
				CLANG_WARN_CONSTANT_CONVERSION = YES;
				CLANG_WARN_DEPRECATED_OBJC_IMPLEMENTATIONS = YES;
				CLANG_WARN_DIRECT_OBJC_ISA_USAGE = YES_ERROR;
				CLANG_WARN_DOCUMENTATION_COMMENTS = YES;
				CLANG_WARN_EMPTY_BODY = YES;
				CLANG_WARN_ENUM_CONVERSION = YES;
				CLANG_WARN_INFINITE_RECURSION = YES;
				CLANG_WARN_INT_CONVERSION = YES;
				CLANG_WARN_NON_LITERAL_NULL_CONVERSION = YES;
				CLANG_WARN_OBJC_IMPLICIT_RETAIN_SELF = YES;
				CLANG_WARN_OBJC_LITERAL_CONVERSION = YES;
				CLANG_WARN_OBJC_ROOT_CLASS = YES_ERROR;
				CLANG_WARN_QUOTED_INCLUDE_IN_FRAMEWORK_HEADER = YES;
				CLANG_WARN_RANGE_LOOP_ANALYSIS = YES;
				CLANG_WARN_STRICT_PROTOTYPES = YES;
				CLANG_WARN_SUSPICIOUS_MOVE = YES;
				CLANG_WARN_UNGUARDED_AVAILABILITY = YES_AGGRESSIVE;
				CLANG_WARN_UNREACHABLE_CODE = YES;
				CLANG_WARN__DUPLICATE_METHOD_MATCH = YES;
				COPY_PHASE_STRIP = NO;
				DEBUG_INFORMATION_FORMAT = "dwarf-with-dsym";
				ENABLE_NS_ASSERTIONS = NO;
				ENABLE_STRICT_OBJC_MSGSEND = YES;
				GCC_C_LANGUAGE_STANDARD = gnu11;
				GCC_NO_COMMON_BLOCKS = YES;
				GCC_WARN_64_TO_32_BIT_CONVERSION = YES;
				GCC_WARN_ABOUT_RETURN_TYPE = YES_ERROR;
				GCC_WARN_UNDECLARED_SELECTOR = YES;
				GCC_WARN_UNINITIALIZED_AUTOS = YES_AGGRESSIVE;
				GCC_WARN_UNUSED_FUNCTION = YES;
				GCC_WARN_UNUSED_VARIABLE = YES;
				IPHONEOS_DEPLOYMENT_TARGET = 15.0;
				MTL_ENABLE_DEBUG_INFO = NO;
				MTL_FAST_MATH = YES;
				SDKROOT = iphoneos;
				SWIFT_COMPILATION_MODE = wholemodule;
				SWIFT_OPTIMIZATION_LEVEL = "-O";
				VALIDATE_PRODUCT = YES;
			};
			name = Release;
		};
		8547495A271DA200003F170F /* Debug */ = {
			isa = XCBuildConfiguration;
			baseConfigurationReference = 2D107C6CAE40037AB394EB00 /* Pods-YalantisTest.debug.xcconfig */;
			buildSettings = {
				ASSETCATALOG_COMPILER_APPICON_NAME = AppIcon;
				ASSETCATALOG_COMPILER_GLOBAL_ACCENT_COLOR_NAME = AccentColor;
				CODE_SIGN_STYLE = Automatic;
				CURRENT_PROJECT_VERSION = 1;
				DEVELOPMENT_TEAM = S9S5R4DUYJ;
				GENERATE_INFOPLIST_FILE = YES;
				INFOPLIST_FILE = YalantisTest/Info.plist;
				INFOPLIST_KEY_UIApplicationSupportsIndirectInputEvents = YES;
				INFOPLIST_KEY_UILaunchStoryboardName = LaunchScreen;
				INFOPLIST_KEY_UISupportedInterfaceOrientations_iPad = "UIInterfaceOrientationPortrait UIInterfaceOrientationPortraitUpsideDown UIInterfaceOrientationLandscapeLeft UIInterfaceOrientationLandscapeRight";
				INFOPLIST_KEY_UISupportedInterfaceOrientations_iPhone = "UIInterfaceOrientationPortrait UIInterfaceOrientationLandscapeLeft UIInterfaceOrientationLandscapeRight";
				LD_RUNPATH_SEARCH_PATHS = (
					"$(inherited)",
					"@executable_path/Frameworks",
				);
				MARKETING_VERSION = 1.0;
				PRODUCT_BUNDLE_IDENTIFIER = com.yefimchukv.YalantisTest;
				PRODUCT_NAME = "$(TARGET_NAME)";
				SWIFT_EMIT_LOC_STRINGS = YES;
				SWIFT_VERSION = 5.0;
				TARGETED_DEVICE_FAMILY = "1,2";
			};
			name = Debug;
		};
		8547495B271DA200003F170F /* Release */ = {
			isa = XCBuildConfiguration;
			baseConfigurationReference = 63F6BA16EA48BEE8F9EC97B5 /* Pods-YalantisTest.release.xcconfig */;
			buildSettings = {
				ASSETCATALOG_COMPILER_APPICON_NAME = AppIcon;
				ASSETCATALOG_COMPILER_GLOBAL_ACCENT_COLOR_NAME = AccentColor;
				CODE_SIGN_STYLE = Automatic;
				CURRENT_PROJECT_VERSION = 1;
				DEVELOPMENT_TEAM = S9S5R4DUYJ;
				GENERATE_INFOPLIST_FILE = YES;
				INFOPLIST_FILE = YalantisTest/Info.plist;
				INFOPLIST_KEY_UIApplicationSupportsIndirectInputEvents = YES;
				INFOPLIST_KEY_UILaunchStoryboardName = LaunchScreen;
				INFOPLIST_KEY_UISupportedInterfaceOrientations_iPad = "UIInterfaceOrientationPortrait UIInterfaceOrientationPortraitUpsideDown UIInterfaceOrientationLandscapeLeft UIInterfaceOrientationLandscapeRight";
				INFOPLIST_KEY_UISupportedInterfaceOrientations_iPhone = "UIInterfaceOrientationPortrait UIInterfaceOrientationLandscapeLeft UIInterfaceOrientationLandscapeRight";
				LD_RUNPATH_SEARCH_PATHS = (
					"$(inherited)",
					"@executable_path/Frameworks",
				);
				MARKETING_VERSION = 1.0;
				PRODUCT_BUNDLE_IDENTIFIER = com.yefimchukv.YalantisTest;
				PRODUCT_NAME = "$(TARGET_NAME)";
				SWIFT_EMIT_LOC_STRINGS = YES;
				SWIFT_VERSION = 5.0;
				TARGETED_DEVICE_FAMILY = "1,2";
			};
			name = Release;
		};
/* End XCBuildConfiguration section */

/* Begin XCConfigurationList section */
		85474940271DA1FF003F170F /* Build configuration list for PBXProject "YalantisTest" */ = {
			isa = XCConfigurationList;
			buildConfigurations = (
				85474957271DA200003F170F /* Debug */,
				85474958271DA200003F170F /* Release */,
			);
			defaultConfigurationIsVisible = 0;
			defaultConfigurationName = Release;
		};
		85474959271DA200003F170F /* Build configuration list for PBXNativeTarget "YalantisTest" */ = {
			isa = XCConfigurationList;
			buildConfigurations = (
				8547495A271DA200003F170F /* Debug */,
				8547495B271DA200003F170F /* Release */,
			);
			defaultConfigurationIsVisible = 0;
			defaultConfigurationName = Release;
		};
/* End XCConfigurationList section */

/* Begin XCVersionGroup section */
		85785CA0274E8EEB00654CEE /* DBService.xcdatamodeld */ = {
			isa = XCVersionGroup;
			children = (
				85785CA1274E8EEB00654CEE /* DBService.xcdatamodel */,
			);
			currentVersion = 85785CA1274E8EEB00654CEE /* DBService.xcdatamodel */;
			path = DBService.xcdatamodeld;
			sourceTree = "<group>";
			versionGroupType = wrapper.xcdatamodel;
		};
/* End XCVersionGroup section */
	};
	rootObject = 8547493D271DA1FF003F170F /* Project object */;
}
